<?xml version="1.0" encoding="utf-8"?>
<Project ToolsVersion="4.0" xmlns="http://schemas.microsoft.com/developer/msbuild/2003">
  <ItemGroup>
    <Filter Include="Resource Files">
      <UniqueIdentifier>{67DA6AB6-F800-4c08-8B7A-83BB121AAD01}</UniqueIdentifier>
      <Extensions>rc;ico;cur;bmp;dlg;rc2;rct;bin;rgs;gif;jpg;jpeg;jpe;resx;tiff;tif;png;wav;mfcribbon-ms</Extensions>
    </Filter>
    <Filter Include="Shaders">
      <UniqueIdentifier>{114ba8e3-916a-42dc-b876-95df1d49194f}</UniqueIdentifier>
    </Filter>
    <Filter Include="DX">
      <UniqueIdentifier>{dc3a173c-c0fd-4b10-8c7b-c8dfed3e67c9}</UniqueIdentifier>
    </Filter>
    <Filter Include="Core">
      <UniqueIdentifier>{9d63e578-09f1-4939-b983-c737be800df4}</UniqueIdentifier>
    </Filter>
    <Filter Include="Graphics">
      <UniqueIdentifier>{02dcf616-c189-4690-823a-44da09be5522}</UniqueIdentifier>
    </Filter>
  </ItemGroup>
  <ItemGroup>
    <Text Include="ReadMe.txt" />
  </ItemGroup>
  <ItemGroup>
    <ClInclude Include="C12.h" />
    <ClInclude Include="Resource.h" />
    <ClInclude Include="stdafx.h" />
    <ClInclude Include="targetver.h" />
    <ClInclude Include="data\shaders\basic.hlsl">
      <Filter>Shaders</Filter>
    </ClInclude>
    <ClInclude Include="data\shaders\ShaderCommon.h">
      <Filter>Shaders</Filter>
    </ClInclude>
    <ClInclude Include="DXDepthStencil.h">
      <Filter>DX</Filter>
    </ClInclude>
    <ClInclude Include="DX.h">
      <Filter>DX</Filter>
    </ClInclude>
    <ClInclude Include="DXApp.h">
      <Filter>DX</Filter>
    </ClInclude>
    <ClInclude Include="DXDescriptorHandle.h">
      <Filter>DX</Filter>
    </ClInclude>
    <ClInclude Include="DXDescriptorHeap.h">
      <Filter>DX</Filter>
    </ClInclude>
    <ClInclude Include="DXDescriptorHeapLinear.h">
      <Filter>DX</Filter>
    </ClInclude>
    <ClInclude Include="DXDescriptorPool.h">
      <Filter>DX</Filter>
    </ClInclude>
    <ClInclude Include="DXFence.h">
      <Filter>DX</Filter>
    </ClInclude>
    <ClInclude Include="DXHelpers.h">
      <Filter>DX</Filter>
    </ClInclude>
    <ClInclude Include="DXRenderContext.h">
      <Filter>DX</Filter>
    </ClInclude>
    <ClInclude Include="DXRenderer.h">
      <Filter>DX</Filter>
    </ClInclude>
    <ClInclude Include="DXResourceContext.h">
      <Filter>DX</Filter>
    </ClInclude>
    <ClInclude Include="DXRootSignature.h">
      <Filter>DX</Filter>
    </ClInclude>
    <ClInclude Include="DXShader.h">
      <Filter>DX</Filter>
    </ClInclude>
    <ClInclude Include="DXShaderCompiler.h">
      <Filter>DX</Filter>
    </ClInclude>
    <ClInclude Include="DXSRV.h">
      <Filter>DX</Filter>
    </ClInclude>
    <ClInclude Include="DXStructuredBuffer.h">
      <Filter>DX</Filter>
    </ClInclude>
    <ClInclude Include="DXTexture2D.h">
      <Filter>DX</Filter>
    </ClInclude>
    <ClInclude Include="DXUploadable.h">
      <Filter>DX</Filter>
    </ClInclude>
    <ClInclude Include="DXUploader.h">
      <Filter>DX</Filter>
    </ClInclude>
    <ClInclude Include="String.h">
      <Filter>Core</Filter>
    </ClInclude>
    <ClInclude Include="Thread.h">
      <Filter>Core</Filter>
    </ClInclude>
    <ClInclude Include="Timer.h">
      <Filter>Core</Filter>
    </ClInclude>
    <ClInclude Include="Types.h">
      <Filter>Core</Filter>
    </ClInclude>
    <ClInclude Include="Utils.h">
      <Filter>Core</Filter>
    </ClInclude>
    <ClInclude Include="MasterRenderThread.h">
      <Filter>Graphics</Filter>
    </ClInclude>
    <ClInclude Include="FileSystem.h">
      <Filter>Core</Filter>
    </ClInclude>
    <ClInclude Include="d3dx12.h">
      <Filter>DX</Filter>
    </ClInclude>
    <ClInclude Include="DXMacro.h" />
    <ClInclude Include="DXBufferHeap.h">
      <Filter>DX</Filter>
    </ClInclude>
  </ItemGroup>
  <ItemGroup>
    <ClCompile Include="stdafx.cpp" />
    <ClCompile Include="Main.cpp" />
    <ClCompile Include="DXDepthStencil.cpp">
      <Filter>DX</Filter>
    </ClCompile>
    <ClCompile Include="DX.cpp">
      <Filter>DX</Filter>
    </ClCompile>
    <ClCompile Include="DXApp.cpp">
      <Filter>DX</Filter>
    </ClCompile>
    <ClCompile Include="DXDescriptorHandle.cpp">
      <Filter>DX</Filter>
    </ClCompile>
    <ClCompile Include="DXDescriptorHeap.cpp">
      <Filter>DX</Filter>
    </ClCompile>
    <ClCompile Include="DXDescriptorHeapLinear.cpp">
      <Filter>DX</Filter>
    </ClCompile>
    <ClCompile Include="DXDescriptorPool.cpp">
      <Filter>DX</Filter>
    </ClCompile>
    <ClCompile Include="DXFence.cpp">
      <Filter>DX</Filter>
    </ClCompile>
    <ClCompile Include="DXHelpers.cpp">
      <Filter>DX</Filter>
    </ClCompile>
    <ClCompile Include="DXRenderContext.cpp">
      <Filter>DX</Filter>
    </ClCompile>
    <ClCompile Include="DXRenderer.cpp">
      <Filter>DX</Filter>
    </ClCompile>
    <ClCompile Include="DXResourceContext.cpp">
      <Filter>DX</Filter>
    </ClCompile>
    <ClCompile Include="DXRootSignature.cpp">
      <Filter>DX</Filter>
    </ClCompile>
    <ClCompile Include="DXShader.cpp">
      <Filter>DX</Filter>
    </ClCompile>
    <ClCompile Include="DXShaderCompiler.cpp">
      <Filter>DX</Filter>
    </ClCompile>
    <ClCompile Include="DXSRV.cpp">
      <Filter>DX</Filter>
    </ClCompile>
    <ClCompile Include="DXStructuredBuffer.cpp">
      <Filter>DX</Filter>
    </ClCompile>
    <ClCompile Include="DXTexture2D.cpp">
      <Filter>DX</Filter>
    </ClCompile>
    <ClCompile Include="DXUploader.cpp">
      <Filter>DX</Filter>
    </ClCompile>
    <ClCompile Include="String.cpp">
      <Filter>Core</Filter>
    </ClCompile>
    <ClCompile Include="Thread.cpp">
      <Filter>Core</Filter>
    </ClCompile>
    <ClCompile Include="Timer.cpp">
      <Filter>Core</Filter>
    </ClCompile>
    <ClCompile Include="Utils.cpp">
      <Filter>Core</Filter>
    </ClCompile>
    <ClCompile Include="MasterRenderThread.cpp">
      <Filter>Graphics</Filter>
    </ClCompile>
    <ClCompile Include="FileSystem.cpp">
      <Filter>Core</Filter>
    </ClCompile>
    <ClCompile Include="DXMacro.cpp" />
    <ClCompile Include="DXBufferHeap.cpp">
      <Filter>DX</Filter>
    </ClCompile>
  </ItemGroup>
  <ItemGroup>
    <ResourceCompile Include="C12.rc">
      <Filter>Resource Files</Filter>
    </ResourceCompile>
  </ItemGroup>
  <ItemGroup>
    <Image Include="small.ico">
      <Filter>Resource Files</Filter>
    </Image>
    <Image Include="C12.ico">
      <Filter>Resource Files</Filter>
    </Image>
  </ItemGroup>
</Project>