<?xml version="1.0" encoding="utf-8"?>
<Project ToolsVersion="4.0" xmlns="http://schemas.microsoft.com/developer/msbuild/2003">
  <ItemGroup>
    <Filter Include="Resource Files">
      <UniqueIdentifier>{67DA6AB6-F800-4c08-8B7A-83BB121AAD01}</UniqueIdentifier>
      <Extensions>rc;ico;cur;bmp;dlg;rc2;rct;bin;rgs;gif;jpg;jpeg;jpe;resx;tiff;tif;png;wav;mfcribbon-ms</Extensions>
    </Filter>
    <Filter Include="Shaders">
      <UniqueIdentifier>{114ba8e3-916a-42dc-b876-95df1d49194f}</UniqueIdentifier>
    </Filter>
  </ItemGroup>
  <ItemGroup>
    <Text Include="ReadMe.txt" />
  </ItemGroup>
  <ItemGroup>
    <ClInclude Include="C12.h" />
    <ClInclude Include="DXApp.h" />
    <ClInclude Include="Resource.h" />
    <ClInclude Include="stdafx.h" />
    <ClInclude Include="targetver.h" />
    <ClInclude Include="DXRenderer.h" />
    <ClInclude Include="d3dx12.h" />
    <ClInclude Include="Types.h" />
    <ClInclude Include="DXDescriptorHeap.h" />
    <ClInclude Include="DXFence.h" />
    <ClInclude Include="DXShaderCompiler.h" />
    <ClInclude Include="DXShader.h" />
    <ClInclude Include="DXBuffer.h" />
    <ClInclude Include="DXHelpers.h" />
    <ClInclude Include="DXResourceContext.h" />
    <ClInclude Include="DXTexture2D.h" />
    <ClInclude Include="DXDescriptorHeapLinear.h" />
    <ClInclude Include="DXDescriptorPool.h" />
    <ClInclude Include="DX.h" />
    <ClInclude Include="DXDescriptorHandle.h" />
    <ClInclude Include="Utils.h" />
    <ClInclude Include="DXRootSignature.h" />
    <ClInclude Include="Timer.h" />
    <ClInclude Include="DXRenderContext.h" />
    <ClInclude Include="data\shaders\basic.hlsl" />
    <ClInclude Include="DXUploadable.h" />
    <ClInclude Include="DXUploader.h" />
    <ClInclude Include="Thread.h" />
    <ClInclude Include="MasterRenderThread.h" />
    <ClInclude Include="DXStructuredBuffer.h" />
    <ClInclude Include="data\shaders\ShaderCommon.h" />
    <ClInclude Include="FileSystem.h" />
    <ClInclude Include="String.h" />
  </ItemGroup>
  <ItemGroup>
    <ClCompile Include="DXApp.cpp" />
    <ClCompile Include="stdafx.cpp" />
    <ClCompile Include="Main.cpp" />
    <ClCompile Include="DXRenderer.cpp" />
    <ClCompile Include="DXDescriptorHeap.cpp" />
    <ClCompile Include="DXFence.cpp" />
    <ClCompile Include="DXShaderCompiler.cpp" />
    <ClCompile Include="DXShader.cpp" />
    <ClCompile Include="DXBuffer.cpp" />
    <ClCompile Include="DXHelpers.cpp" />
    <ClCompile Include="DXResourceContext.cpp" />
    <ClCompile Include="DXTexture2D.cpp" />
    <ClCompile Include="DXDescriptorHeapLinear.cpp" />
    <ClCompile Include="DXDescriptorPool.cpp" />
    <ClCompile Include="DX.cpp" />
    <ClCompile Include="DXDescriptorHandle.cpp" />
    <ClCompile Include="Utils.cpp" />
    <ClCompile Include="DXRootSignature.cpp" />
    <ClCompile Include="Timer.cpp" />
    <ClCompile Include="DXRenderContext.cpp" />
    <ClCompile Include="DXUploader.cpp" />
    <ClCompile Include="Thread.cpp" />
    <ClCompile Include="MasterRenderThread.cpp" />
    <ClCompile Include="DXStructuredBuffer.cpp" />
    <ClCompile Include="FileSystem.cpp" />
    <ClCompile Include="String.cpp" />
  </ItemGroup>
  <ItemGroup>
    <ResourceCompile Include="C12.rc">
      <Filter>Resource Files</Filter>
    </ResourceCompile>
  </ItemGroup>
  <ItemGroup>
    <Image Include="small.ico">
      <Filter>Resource Files</Filter>
    </Image>
    <Image Include="C12.ico">
      <Filter>Resource Files</Filter>
    </Image>
  </ItemGroup>
</Project>